
Microsoft Visual Studio Solution File, Format Version 12.00
# Visual Studio Version 17
VisualStudioVersion = 17.7.34024.191
MinimumVisualStudioVersion = 10.0.40219.1
Project("{FAE04EC0-301F-11D3-BF4B-00C04F79EFBC}") = "UncomplicatedCustomRoles", "UncomplicatedCustomRoles\UncomplicatedCustomRoles.csproj", "{B108B68B-3300-4638-BC8F-FEEE1BE0EEF1}"
EndProject
Project("{FAE04EC0-301F-11D3-BF4B-00C04F79EFBC}") = "UncomplicatedCustomRoles.PlaceHolders", "UncomplicatedCustomRoles.PlaceHolders\UncomplicatedCustomRoles.PlaceHolders.csproj", "{9983FF92-1524-4F88-A786-325A239D846F}"
EndProject
Global
	GlobalSection(SolutionConfigurationPlatforms) = preSolution
		Debug|Any CPU = Debug|Any CPU
		Debug|x64 = Debug|x64
		Release|Any CPU = Release|Any CPU
		Release|x64 = Release|x64
	EndGlobalSection
	GlobalSection(ProjectConfigurationPlatforms) = postSolution
		{B108B68B-3300-4638-BC8F-FEEE1BE0EEF1}.Debug|Any CPU.ActiveCfg = Debug|Any CPU
		{B108B68B-3300-4638-BC8F-FEEE1BE0EEF1}.Debug|Any CPU.Build.0 = Debug|Any CPU
		{B108B68B-3300-4638-BC8F-FEEE1BE0EEF1}.Debug|x64.ActiveCfg = Debug|x64
		{B108B68B-3300-4638-BC8F-FEEE1BE0EEF1}.Debug|x64.Build.0 = Debug|x64
		{B108B68B-3300-4638-BC8F-FEEE1BE0EEF1}.Release|Any CPU.ActiveCfg = Release|Any CPU
		{B108B68B-3300-4638-BC8F-FEEE1BE0EEF1}.Release|Any CPU.Build.0 = Release|Any CPU
		{B108B68B-3300-4638-BC8F-FEEE1BE0EEF1}.Release|x64.ActiveCfg = Release|x64
		{B108B68B-3300-4638-BC8F-FEEE1BE0EEF1}.Release|x64.Build.0 = Release|x64
		{9983FF92-1524-4F88-A786-325A239D846F}.Debug|Any CPU.ActiveCfg = Debug|Any CPU
		{9983FF92-1524-4F88-A786-325A239D846F}.Debug|Any CPU.Build.0 = Debug|Any CPU
		{9983FF92-1524-4F88-A786-325A239D846F}.Debug|x64.ActiveCfg = Debug|Any CPU
		{9983FF92-1524-4F88-A786-325A239D846F}.Debug|x64.Build.0 = Debug|Any CPU
		{9983FF92-1524-4F88-A786-325A239D846F}.Release|Any CPU.ActiveCfg = Release|Any CPU
		{9983FF92-1524-4F88-A786-325A239D846F}.Release|Any CPU.Build.0 = Release|Any CPU
		{9983FF92-1524-4F88-A786-325A239D846F}.Release|x64.ActiveCfg = Release|Any CPU
		{9983FF92-1524-4F88-A786-325A239D846F}.Release|x64.Build.0 = Release|Any CPU
	EndGlobalSection
	GlobalSection(SolutionProperties) = preSolution
		HideSolutionNode = FALSE
	EndGlobalSection
	GlobalSection(ExtensibilityGlobals) = postSolution
		SolutionGuid = {4CCC3948-9B59-49F1-A2F0-418A6E4A69B1}
	EndGlobalSection
EndGlobal
